
Microsoft Visual Studio Solution File, Format Version 12.00
# Visual Studio Version 18
VisualStudioVersion = 18.5.11716.220 stable
MinimumVisualStudioVersion = 10.0.40219.1
Project("{FAE04EC0-301F-11D3-BF4B-00C04F79EFBC}") = "IMBaby", "IMBaby.csproj", "{72395EDA-0A86-0B1E-D3CD-987FF22A7A8A}"
EndProject
Global
	GlobalSection(SolutionConfigurationPlatforms) = preSolution
		Debug|Any CPU = Debug|Any CPU
		Release|Any CPU = Release|Any CPU
	EndGlobalSection
	GlobalSection(ProjectConfigurationPlatforms) = postSolution
		{72395EDA-0A86-0B1E-D3CD-987FF22A7A8A}.Debug|Any CPU.ActiveCfg = Debug|Any CPU
		{72395EDA-0A86-0B1E-D3CD-987FF22A7A8A}.Debug|Any CPU.Build.0 = Debug|Any CPU
		{72395EDA-0A86-0B1E-D3CD-987FF22A7A8A}.Release|Any CPU.ActiveCfg = Release|Any CPU
		{72395EDA-0A86-0B1E-D3CD-987FF22A7A8A}.Release|Any CPU.Build.0 = Release|Any CPU
	EndGlobalSection
	GlobalSection(SolutionProperties) = preSolution
		HideSolutionNode = FALSE
	EndGlobalSection
	GlobalSection(ExtensibilityGlobals) = postSolution
		SolutionGuid = {6365EF4D-1246-4081-88DD-62CF5D918E89}
	EndGlobalSection
EndGlobal
